
Microsoft Visual Studio Solution File, Format Version 12.00
# Visual Studio 15
VisualStudioVersion = 15.0.28307.1267
MinimumVisualStudioVersion = 10.0.40219.1
Project("{FAE04EC0-301F-11D3-BF4B-00C04F79EFBC}") = "LiteDBSample", "LiteDBSample\LiteDBSample.csproj", "{914277DD-F557-44BF-81FB-A5556F2B4528}"
EndProject
Project("{FAE04EC0-301F-11D3-BF4B-00C04F79EFBC}") = "LiteDbMySample1", "LiteDbMySample1\LiteDbMySample1.csproj", "{FF50B19C-914B-41FB-9B72-E573B8134F50}"
EndProject
Global
	GlobalSection(SolutionConfigurationPlatforms) = preSolution
		Debug|Any CPU = Debug|Any CPU
		Release|Any CPU = Release|Any CPU
	EndGlobalSection
	GlobalSection(ProjectConfigurationPlatforms) = postSolution
		{914277DD-F557-44BF-81FB-A5556F2B4528}.Debug|Any CPU.ActiveCfg = Debug|Any CPU
		{914277DD-F557-44BF-81FB-A5556F2B4528}.Debug|Any CPU.Build.0 = Debug|Any CPU
		{914277DD-F557-44BF-81FB-A5556F2B4528}.Release|Any CPU.ActiveCfg = Release|Any CPU
		{914277DD-F557-44BF-81FB-A5556F2B4528}.Release|Any CPU.Build.0 = Release|Any CPU
		{FF50B19C-914B-41FB-9B72-E573B8134F50}.Debug|Any CPU.ActiveCfg = Debug|Any CPU
		{FF50B19C-914B-41FB-9B72-E573B8134F50}.Debug|Any CPU.Build.0 = Debug|Any CPU
		{FF50B19C-914B-41FB-9B72-E573B8134F50}.Release|Any CPU.ActiveCfg = Release|Any CPU
		{FF50B19C-914B-41FB-9B72-E573B8134F50}.Release|Any CPU.Build.0 = Release|Any CPU
	EndGlobalSection
	GlobalSection(SolutionProperties) = preSolution
		HideSolutionNode = FALSE
	EndGlobalSection
	GlobalSection(ExtensibilityGlobals) = postSolution
		SolutionGuid = {890E7C46-0F05-4335-B797-CBCC9A139889}
	EndGlobalSection
EndGlobal
